
Microsoft Visual Studio Solution File, Format Version 12.00
# Visual Studio Version 17
VisualStudioVersion = 17.13.35806.99 d17.13
MinimumVisualStudioVersion = 10.0.40219.1
Project("{8BC9CEB8-8B4A-11D0-8D11-00A0C91BC942}") = "Algorithms_4_1", "Algorithms_4_1.vcxproj", "{344895D8-D5CE-4945-86B7-C6CFCCEFE3EE}"
EndProject
Global
	GlobalSection(SolutionConfigurationPlatforms) = preSolution
		Debug|x64 = Debug|x64
		Debug|x86 = Debug|x86
		Release|x64 = Release|x64
		Release|x86 = Release|x86
	EndGlobalSection
	GlobalSection(ProjectConfigurationPlatforms) = postSolution
		{344895D8-D5CE-4945-86B7-C6CFCCEFE3EE}.Debug|x64.ActiveCfg = Debug|x64
		{344895D8-D5CE-4945-86B7-C6CFCCEFE3EE}.Debug|x64.Build.0 = Debug|x64
		{344895D8-D5CE-4945-86B7-C6CFCCEFE3EE}.Debug|x86.ActiveCfg = Debug|Win32
		{344895D8-D5CE-4945-86B7-C6CFCCEFE3EE}.Debug|x86.Build.0 = Debug|Win32
		{344895D8-D5CE-4945-86B7-C6CFCCEFE3EE}.Release|x64.ActiveCfg = Release|x64
		{344895D8-D5CE-4945-86B7-C6CFCCEFE3EE}.Release|x64.Build.0 = Release|x64
		{344895D8-D5CE-4945-86B7-C6CFCCEFE3EE}.Release|x86.ActiveCfg = Release|Win32
		{344895D8-D5CE-4945-86B7-C6CFCCEFE3EE}.Release|x86.Build.0 = Release|Win32
	EndGlobalSection
	GlobalSection(SolutionProperties) = preSolution
		HideSolutionNode = FALSE
	EndGlobalSection
	GlobalSection(ExtensibilityGlobals) = postSolution
		SolutionGuid = {D87C88A2-1621-44AF-8666-DCE7C30228E3}
	EndGlobalSection
EndGlobal
